
Microsoft Visual Studio Solution File, Format Version 12.00
# Visual Studio Version 16
VisualStudioVersion = 16.0.29613.14
MinimumVisualStudioVersion = 10.0.40219.1
Project("{FAE04EC0-301F-11D3-BF4B-00C04F79EFBC}") = "TP_DataSet", "TP_DataSet\TP_DataSet.csproj", "{827036F4-D41F-4E15-AE59-0B3E81CA92A5}"
EndProject
Global
	GlobalSection(SolutionConfigurationPlatforms) = preSolution
		Debug|Any CPU = Debug|Any CPU
		Release|Any CPU = Release|Any CPU
	EndGlobalSection
	GlobalSection(ProjectConfigurationPlatforms) = postSolution
		{827036F4-D41F-4E15-AE59-0B3E81CA92A5}.Debug|Any CPU.ActiveCfg = Debug|Any CPU
		{827036F4-D41F-4E15-AE59-0B3E81CA92A5}.Debug|Any CPU.Build.0 = Debug|Any CPU
		{827036F4-D41F-4E15-AE59-0B3E81CA92A5}.Release|Any CPU.ActiveCfg = Release|Any CPU
		{827036F4-D41F-4E15-AE59-0B3E81CA92A5}.Release|Any CPU.Build.0 = Release|Any CPU
	EndGlobalSection
	GlobalSection(SolutionProperties) = preSolution
		HideSolutionNode = FALSE
	EndGlobalSection
	GlobalSection(ExtensibilityGlobals) = postSolution
		SolutionGuid = {6BE3DB38-1DA4-4450-81BA-659B1B6AD5F9}
	EndGlobalSection
EndGlobal
